
Microsoft Visual Studio Solution File, Format Version 12.00
Project("{2150E333-8FDC-42A3-9474-1A3956D46DE8}") = "Wallet.Server", "Wallet.Server", "{DDBA6A9A-721B-44E8-A8A0-075577EC8BCB}"
EndProject
Project("{2150E333-8FDC-42A3-9474-1A3956D46DE8}") = "Wallet.Client", "Wallet.Client", "{26B597DD-6661-45E2-94C0-7E9D060CE4F1}"
EndProject
Project("{FAE04EC0-301F-11D3-BF4B-00C04F79EFBC}") = "Wallet.Client.Bot", "Wallet.Client.Bot\Wallet.Client.Bot.csproj", "{10FEA6E4-E12B-4500-8490-E6F3A9D868B3}"
EndProject
Project("{2150E333-8FDC-42A3-9474-1A3956D46DE8}") = "Solution Items", "Solution Items", "{37E90331-0361-47C6-AADB-D05A469C7C08}"
	ProjectSection(SolutionItems) = preProject
		docker-compose.yml = docker-compose.yml
	EndProjectSection
EndProject
Project("{FAE04EC0-301F-11D3-BF4B-00C04F79EFBC}") = "Wallet.Server.Presentation", "Wallet.Server.Presentation\Wallet.Server.Presentation.csproj", "{3559B154-EF5C-4E5C-ACE6-6AC9C155F48E}"
EndProject
Project("{2150E333-8FDC-42A3-9474-1A3956D46DE8}") = "Wallet.Tests", "Wallet.Tests", "{32C199F6-8C46-4AC8-AB64-DCD9872BF97D}"
EndProject
Project("{FAE04EC0-301F-11D3-BF4B-00C04F79EFBC}") = "Wallet.Server.Tests", "Wallet.Server.Tests\Wallet.Server.Tests.csproj", "{B4762877-D270-484A-8158-0B7DE4AEC979}"
EndProject
Project("{FAE04EC0-301F-11D3-BF4B-00C04F79EFBC}") = "Wallet.Server.Infrastructure", "Wallet.Server.Infrastructure\Wallet.Server.Infrastructure.csproj", "{8342152F-4AC3-4C80-8270-CB446FB99915}"
EndProject
Project("{FAE04EC0-301F-11D3-BF4B-00C04F79EFBC}") = "Wallet.Server.Domain", "Wallet.Server.Domain\Wallet.Server.Domain.csproj", "{8F1CD1A7-92BA-4719-9CD2-CE2DB55008B0}"
EndProject
Project("{FAE04EC0-301F-11D3-BF4B-00C04F79EFBC}") = "Wallet.Server.Application", "Wallet.Server.Application\Wallet.Server.Application.csproj", "{298A45A1-87EA-4E87-80FF-DB4D64F45C62}"
EndProject
Global
	GlobalSection(SolutionConfigurationPlatforms) = preSolution
		Debug|Any CPU = Debug|Any CPU
		Release|Any CPU = Release|Any CPU
	EndGlobalSection
	GlobalSection(NestedProjects) = preSolution
		{10FEA6E4-E12B-4500-8490-E6F3A9D868B3} = {26B597DD-6661-45E2-94C0-7E9D060CE4F1}
		{3559B154-EF5C-4E5C-ACE6-6AC9C155F48E} = {DDBA6A9A-721B-44E8-A8A0-075577EC8BCB}
		{B4762877-D270-484A-8158-0B7DE4AEC979} = {32C199F6-8C46-4AC8-AB64-DCD9872BF97D}
		{8342152F-4AC3-4C80-8270-CB446FB99915} = {DDBA6A9A-721B-44E8-A8A0-075577EC8BCB}
		{8F1CD1A7-92BA-4719-9CD2-CE2DB55008B0} = {DDBA6A9A-721B-44E8-A8A0-075577EC8BCB}
		{298A45A1-87EA-4E87-80FF-DB4D64F45C62} = {DDBA6A9A-721B-44E8-A8A0-075577EC8BCB}
	EndGlobalSection
	GlobalSection(ProjectConfigurationPlatforms) = postSolution
		{10FEA6E4-E12B-4500-8490-E6F3A9D868B3}.Debug|Any CPU.ActiveCfg = Debug|Any CPU
		{10FEA6E4-E12B-4500-8490-E6F3A9D868B3}.Debug|Any CPU.Build.0 = Debug|Any CPU
		{10FEA6E4-E12B-4500-8490-E6F3A9D868B3}.Release|Any CPU.ActiveCfg = Release|Any CPU
		{10FEA6E4-E12B-4500-8490-E6F3A9D868B3}.Release|Any CPU.Build.0 = Release|Any CPU
		{3559B154-EF5C-4E5C-ACE6-6AC9C155F48E}.Debug|Any CPU.ActiveCfg = Debug|Any CPU
		{3559B154-EF5C-4E5C-ACE6-6AC9C155F48E}.Debug|Any CPU.Build.0 = Debug|Any CPU
		{3559B154-EF5C-4E5C-ACE6-6AC9C155F48E}.Release|Any CPU.ActiveCfg = Release|Any CPU
		{3559B154-EF5C-4E5C-ACE6-6AC9C155F48E}.Release|Any CPU.Build.0 = Release|Any CPU
		{B4762877-D270-484A-8158-0B7DE4AEC979}.Debug|Any CPU.ActiveCfg = Debug|Any CPU
		{B4762877-D270-484A-8158-0B7DE4AEC979}.Debug|Any CPU.Build.0 = Debug|Any CPU
		{B4762877-D270-484A-8158-0B7DE4AEC979}.Release|Any CPU.ActiveCfg = Release|Any CPU
		{B4762877-D270-484A-8158-0B7DE4AEC979}.Release|Any CPU.Build.0 = Release|Any CPU
		{8342152F-4AC3-4C80-8270-CB446FB99915}.Debug|Any CPU.ActiveCfg = Debug|Any CPU
		{8342152F-4AC3-4C80-8270-CB446FB99915}.Debug|Any CPU.Build.0 = Debug|Any CPU
		{8342152F-4AC3-4C80-8270-CB446FB99915}.Release|Any CPU.ActiveCfg = Release|Any CPU
		{8342152F-4AC3-4C80-8270-CB446FB99915}.Release|Any CPU.Build.0 = Release|Any CPU
		{8F1CD1A7-92BA-4719-9CD2-CE2DB55008B0}.Debug|Any CPU.ActiveCfg = Debug|Any CPU
		{8F1CD1A7-92BA-4719-9CD2-CE2DB55008B0}.Debug|Any CPU.Build.0 = Debug|Any CPU
		{8F1CD1A7-92BA-4719-9CD2-CE2DB55008B0}.Release|Any CPU.ActiveCfg = Release|Any CPU
		{8F1CD1A7-92BA-4719-9CD2-CE2DB55008B0}.Release|Any CPU.Build.0 = Release|Any CPU
		{298A45A1-87EA-4E87-80FF-DB4D64F45C62}.Debug|Any CPU.ActiveCfg = Debug|Any CPU
		{298A45A1-87EA-4E87-80FF-DB4D64F45C62}.Debug|Any CPU.Build.0 = Debug|Any CPU
		{298A45A1-87EA-4E87-80FF-DB4D64F45C62}.Release|Any CPU.ActiveCfg = Release|Any CPU
		{298A45A1-87EA-4E87-80FF-DB4D64F45C62}.Release|Any CPU.Build.0 = Release|Any CPU
	EndGlobalSection
EndGlobal
